// !$*UTF8*$!
{
	archiveVersion = 1;
	classes = {
	};
	objectVersion = 50;
	objects = {

/* Begin PBXBuildFile section */
		D33CD5C922F8A4AD0051E36D /* AppDelegate.swift in Sources */ = {isa = PBXBuildFile; fileRef = D33CD5C822F8A4AD0051E36D /* AppDelegate.swift */; };
		D33CD5CB22F8A4AD0051E36D /* SceneDelegate.swift in Sources */ = {isa = PBXBuildFile; fileRef = D33CD5CA22F8A4AD0051E36D /* SceneDelegate.swift */; };
		D33CD5CD22F8A4AD0051E36D /* ContentView.swift in Sources */ = {isa = PBXBuildFile; fileRef = D33CD5CC22F8A4AD0051E36D /* ContentView.swift */; };
		D33CD5CF22F8A4B10051E36D /* Assets.xcassets in Resources */ = {isa = PBXBuildFile; fileRef = D33CD5CE22F8A4B10051E36D /* Assets.xcassets */; };
		D33CD5D222F8A4B10051E36D /* Preview Assets.xcassets in Resources */ = {isa = PBXBuildFile; fileRef = D33CD5D122F8A4B10051E36D /* Preview Assets.xcassets */; };
		D33CD5D522F8A4B10051E36D /* LaunchScreen.storyboard in Resources */ = {isa = PBXBuildFile; fileRef = D33CD5D322F8A4B10051E36D /* LaunchScreen.storyboard */; };
		D33CD5E022F8A4B10051E36D /* StudyAppTests.swift in Sources */ = {isa = PBXBuildFile; fileRef = D33CD5DF22F8A4B10051E36D /* StudyAppTests.swift */; };
		D33CD5EB22F8A4B10051E36D /* StudyAppUITests.swift in Sources */ = {isa = PBXBuildFile; fileRef = D33CD5EA22F8A4B10051E36D /* StudyAppUITests.swift */; };
		D36D83CC22FC5CD400660927 /* TimeDivider.swift in Sources */ = {isa = PBXBuildFile; fileRef = D36D83CB22FC5CD400660927 /* TimeDivider.swift */; };
		D3BD294D22F8B17B000C7E8B /* TotalTimeSelector.swift in Sources */ = {isa = PBXBuildFile; fileRef = D3BD294C22F8B17B000C7E8B /* TotalTimeSelector.swift */; };
		D3BD294F22F8D3E2000C7E8B /* TaskAdder.swift in Sources */ = {isa = PBXBuildFile; fileRef = D3BD294E22F8D3E2000C7E8B /* TaskAdder.swift */; };
/* End PBXBuildFile section */

/* Begin PBXContainerItemProxy section */
		D33CD5DC22F8A4B10051E36D /* PBXContainerItemProxy */ = {
			isa = PBXContainerItemProxy;
			containerPortal = D33CD5BD22F8A4AD0051E36D /* Project object */;
			proxyType = 1;
			remoteGlobalIDString = D33CD5C422F8A4AD0051E36D;
			remoteInfo = StudyApp;
		};
		D33CD5E722F8A4B10051E36D /* PBXContainerItemProxy */ = {
			isa = PBXContainerItemProxy;
			containerPortal = D33CD5BD22F8A4AD0051E36D /* Project object */;
			proxyType = 1;
			remoteGlobalIDString = D33CD5C422F8A4AD0051E36D;
			remoteInfo = StudyApp;
		};
/* End PBXContainerItemProxy section */

/* Begin PBXFileReference section */
		D33CD5C522F8A4AD0051E36D /* StudyApp.app */ = {isa = PBXFileReference; explicitFileType = wrapper.application; includeInIndex = 0; path = StudyApp.app; sourceTree = BUILT_PRODUCTS_DIR; };
		D33CD5C822F8A4AD0051E36D /* AppDelegate.swift */ = {isa = PBXFileReference; lastKnownFileType = sourcecode.swift; path = AppDelegate.swift; sourceTree = "<group>"; };
		D33CD5CA22F8A4AD0051E36D /* SceneDelegate.swift */ = {isa = PBXFileReference; lastKnownFileType = sourcecode.swift; path = SceneDelegate.swift; sourceTree = "<group>"; };
		D33CD5CC22F8A4AD0051E36D /* ContentView.swift */ = {isa = PBXFileReference; lastKnownFileType = sourcecode.swift; path = ContentView.swift; sourceTree = "<group>"; };
		D33CD5CE22F8A4B10051E36D /* Assets.xcassets */ = {isa = PBXFileReference; lastKnownFileType = folder.assetcatalog; path = Assets.xcassets; sourceTree = "<group>"; };
		D33CD5D122F8A4B10051E36D /* Preview Assets.xcassets */ = {isa = PBXFileReference; lastKnownFileType = folder.assetcatalog; path = "Preview Assets.xcassets"; sourceTree = "<group>"; };
		D33CD5D422F8A4B10051E36D /* Base */ = {isa = PBXFileReference; lastKnownFileType = file.storyboard; name = Base; path = Base.lproj/LaunchScreen.storyboard; sourceTree = "<group>"; };
		D33CD5D622F8A4B10051E36D /* Info.plist */ = {isa = PBXFileReference; lastKnownFileType = text.plist.xml; path = Info.plist; sourceTree = "<group>"; };
		D33CD5DB22F8A4B10051E36D /* StudyAppTests.xctest */ = {isa = PBXFileReference; explicitFileType = wrapper.cfbundle; includeInIndex = 0; path = StudyAppTests.xctest; sourceTree = BUILT_PRODUCTS_DIR; };
		D33CD5DF22F8A4B10051E36D /* StudyAppTests.swift */ = {isa = PBXFileReference; lastKnownFileType = sourcecode.swift; path = StudyAppTests.swift; sourceTree = "<group>"; };
		D33CD5E122F8A4B10051E36D /* Info.plist */ = {isa = PBXFileReference; lastKnownFileType = text.plist.xml; path = Info.plist; sourceTree = "<group>"; };
		D33CD5E622F8A4B10051E36D /* StudyAppUITests.xctest */ = {isa = PBXFileReference; explicitFileType = wrapper.cfbundle; includeInIndex = 0; path = StudyAppUITests.xctest; sourceTree = BUILT_PRODUCTS_DIR; };
		D33CD5EA22F8A4B10051E36D /* StudyAppUITests.swift */ = {isa = PBXFileReference; lastKnownFileType = sourcecode.swift; path = StudyAppUITests.swift; sourceTree = "<group>"; };
		D33CD5EC22F8A4B10051E36D /* Info.plist */ = {isa = PBXFileReference; lastKnownFileType = text.plist.xml; path = Info.plist; sourceTree = "<group>"; };
		D36D83CB22FC5CD400660927 /* TimeDivider.swift */ = {isa = PBXFileReference; lastKnownFileType = sourcecode.swift; path = TimeDivider.swift; sourceTree = "<group>"; };
		D3BD294C22F8B17B000C7E8B /* TotalTimeSelector.swift */ = {isa = PBXFileReference; lastKnownFileType = sourcecode.swift; path = TotalTimeSelector.swift; sourceTree = "<group>"; };
		D3BD294E22F8D3E2000C7E8B /* TaskAdder.swift */ = {isa = PBXFileReference; lastKnownFileType = sourcecode.swift; path = TaskAdder.swift; sourceTree = "<group>"; };
/* End PBXFileReference section */

/* Begin PBXFrameworksBuildPhase section */
		D33CD5C222F8A4AD0051E36D /* Frameworks */ = {
			isa = PBXFrameworksBuildPhase;
			buildActionMask = 2147483647;
			files = (
			);
			runOnlyForDeploymentPostprocessing = 0;
		};
		D33CD5D822F8A4B10051E36D /* Frameworks */ = {
			isa = PBXFrameworksBuildPhase;
			buildActionMask = 2147483647;
			files = (
			);
			runOnlyForDeploymentPostprocessing = 0;
		};
		D33CD5E322F8A4B10051E36D /* Frameworks */ = {
			isa = PBXFrameworksBuildPhase;
			buildActionMask = 2147483647;
			files = (
			);
			runOnlyForDeploymentPostprocessing = 0;
		};
/* End PBXFrameworksBuildPhase section */

/* Begin PBXGroup section */
		D33CD5BC22F8A4AD0051E36D = {
			isa = PBXGroup;
			children = (
				D33CD5C722F8A4AD0051E36D /* StudyApp */,
				D33CD5DE22F8A4B10051E36D /* StudyAppTests */,
				D33CD5E922F8A4B10051E36D /* StudyAppUITests */,
				D33CD5C622F8A4AD0051E36D /* Products */,
			);
			sourceTree = "<group>";
		};
		D33CD5C622F8A4AD0051E36D /* Products */ = {
			isa = PBXGroup;
			children = (
				D33CD5C522F8A4AD0051E36D /* StudyApp.app */,
				D33CD5DB22F8A4B10051E36D /* StudyAppTests.xctest */,
				D33CD5E622F8A4B10051E36D /* StudyAppUITests.xctest */,
			);
			name = Products;
			sourceTree = "<group>";
		};
		D33CD5C722F8A4AD0051E36D /* StudyApp */ = {
			isa = PBXGroup;
			children = (
				D33CD5C822F8A4AD0051E36D /* AppDelegate.swift */,
				D33CD5CA22F8A4AD0051E36D /* SceneDelegate.swift */,
				D33CD5CC22F8A4AD0051E36D /* ContentView.swift */,
				D33CD5CE22F8A4B10051E36D /* Assets.xcassets */,
				D33CD5D322F8A4B10051E36D /* LaunchScreen.storyboard */,
				D33CD5D622F8A4B10051E36D /* Info.plist */,
				D33CD5D022F8A4B10051E36D /* Preview Content */,
				D3BD294C22F8B17B000C7E8B /* TotalTimeSelector.swift */,
				D3BD294E22F8D3E2000C7E8B /* TaskAdder.swift */,
				D36D83CB22FC5CD400660927 /* TimeDivider.swift */,
			);
			path = StudyApp;
			sourceTree = "<group>";
		};
		D33CD5D022F8A4B10051E36D /* Preview Content */ = {
			isa = PBXGroup;
			children = (
				D33CD5D122F8A4B10051E36D /* Preview Assets.xcassets */,
			);
			path = "Preview Content";
			sourceTree = "<group>";
		};
		D33CD5DE22F8A4B10051E36D /* StudyAppTests */ = {
			isa = PBXGroup;
			children = (
				D33CD5DF22F8A4B10051E36D /* StudyAppTests.swift */,
				D33CD5E122F8A4B10051E36D /* Info.plist */,
			);
			path = StudyAppTests;
			sourceTree = "<group>";
		};
		D33CD5E922F8A4B10051E36D /* StudyAppUITests */ = {
			isa = PBXGroup;
			children = (
				D33CD5EA22F8A4B10051E36D /* StudyAppUITests.swift */,
				D33CD5EC22F8A4B10051E36D /* Info.plist */,
			);
			path = StudyAppUITests;
			sourceTree = "<group>";
		};
/* End PBXGroup section */

/* Begin PBXNativeTarget section */
		D33CD5C422F8A4AD0051E36D /* StudyApp */ = {
			isa = PBXNativeTarget;
			buildConfigurationList = D33CD5EF22F8A4B10051E36D /* Build configuration list for PBXNativeTarget "StudyApp" */;
			buildPhases = (
				D33CD5C122F8A4AD0051E36D /* Sources */,
				D33CD5C222F8A4AD0051E36D /* Frameworks */,
				D33CD5C322F8A4AD0051E36D /* Resources */,
			);
			buildRules = (
			);
			dependencies = (
			);
			name = StudyApp;
			productName = StudyApp;
			productReference = D33CD5C522F8A4AD0051E36D /* StudyApp.app */;
			productType = "com.apple.product-type.application";
		};
		D33CD5DA22F8A4B10051E36D /* StudyAppTests */ = {
			isa = PBXNativeTarget;
			buildConfigurationList = D33CD5F222F8A4B10051E36D /* Build configuration list for PBXNativeTarget "StudyAppTests" */;
			buildPhases = (
				D33CD5D722F8A4B10051E36D /* Sources */,
				D33CD5D822F8A4B10051E36D /* Frameworks */,
				D33CD5D922F8A4B10051E36D /* Resources */,
			);
			buildRules = (
			);
			dependencies = (
				D33CD5DD22F8A4B10051E36D /* PBXTargetDependency */,
			);
			name = StudyAppTests;
			productName = StudyAppTests;
			productReference = D33CD5DB22F8A4B10051E36D /* StudyAppTests.xctest */;
			productType = "com.apple.product-type.bundle.unit-test";
		};
		D33CD5E522F8A4B10051E36D /* StudyAppUITests */ = {
			isa = PBXNativeTarget;
			buildConfigurationList = D33CD5F522F8A4B10051E36D /* Build configuration list for PBXNativeTarget "StudyAppUITests" */;
			buildPhases = (
				D33CD5E222F8A4B10051E36D /* Sources */,
				D33CD5E322F8A4B10051E36D /* Frameworks */,
				D33CD5E422F8A4B10051E36D /* Resources */,
			);
			buildRules = (
			);
			dependencies = (
				D33CD5E822F8A4B10051E36D /* PBXTargetDependency */,
			);
			name = StudyAppUITests;
			productName = StudyAppUITests;
			productReference = D33CD5E622F8A4B10051E36D /* StudyAppUITests.xctest */;
			productType = "com.apple.product-type.bundle.ui-testing";
		};
/* End PBXNativeTarget section */

/* Begin PBXProject section */
		D33CD5BD22F8A4AD0051E36D /* Project object */ = {
			isa = PBXProject;
			attributes = {
				LastSwiftUpdateCheck = 1100;
				LastUpgradeCheck = 1100;
				ORGANIZATIONNAME = "Katherine Connell";
				TargetAttributes = {
					D33CD5C422F8A4AD0051E36D = {
						CreatedOnToolsVersion = 11.0;
					};
					D33CD5DA22F8A4B10051E36D = {
						CreatedOnToolsVersion = 11.0;
						TestTargetID = D33CD5C422F8A4AD0051E36D;
					};
					D33CD5E522F8A4B10051E36D = {
						CreatedOnToolsVersion = 11.0;
						TestTargetID = D33CD5C422F8A4AD0051E36D;
					};
				};
			};
			buildConfigurationList = D33CD5C022F8A4AD0051E36D /* Build configuration list for PBXProject "StudyApp" */;
			compatibilityVersion = "Xcode 9.3";
			developmentRegion = en;
			hasScannedForEncodings = 0;
			knownRegions = (
				en,
				Base,
			);
			mainGroup = D33CD5BC22F8A4AD0051E36D;
			productRefGroup = D33CD5C622F8A4AD0051E36D /* Products */;
			projectDirPath = "";
			projectRoot = "";
			targets = (
				D33CD5C422F8A4AD0051E36D /* StudyApp */,
				D33CD5DA22F8A4B10051E36D /* StudyAppTests */,
				D33CD5E522F8A4B10051E36D /* StudyAppUITests */,
			);
		};
/* End PBXProject section */

/* Begin PBXResourcesBuildPhase section */
		D33CD5C322F8A4AD0051E36D /* Resources */ = {
			isa = PBXResourcesBuildPhase;
			buildActionMask = 2147483647;
			files = (
				D33CD5D522F8A4B10051E36D /* LaunchScreen.storyboard in Resources */,
				D33CD5D222F8A4B10051E36D /* Preview Assets.xcassets in Resources */,
				D33CD5CF22F8A4B10051E36D /* Assets.xcassets in Resources */,
			);
			runOnlyForDeploymentPostprocessing = 0;
		};
		D33CD5D922F8A4B10051E36D /* Resources */ = {
			isa = PBXResourcesBuildPhase;
			buildActionMask = 2147483647;
			files = (
			);
			runOnlyForDeploymentPostprocessing = 0;
		};
		D33CD5E422F8A4B10051E36D /* Resources */ = {
			isa = PBXResourcesBuildPhase;
			buildActionMask = 2147483647;
			files = (
			);
			runOnlyForDeploymentPostprocessing = 0;
		};
/* End PBXResourcesBuildPhase section */

/* Begin PBXSourcesBuildPhase section */
		D33CD5C122F8A4AD0051E36D /* Sources */ = {
			isa = PBXSourcesBuildPhase;
			buildActionMask = 2147483647;
			files = (
				D36D83CC22FC5CD400660927 /* TimeDivider.swift in Sources */,
				D33CD5C922F8A4AD0051E36D /* AppDelegate.swift in Sources */,
				D33CD5CB22F8A4AD0051E36D /* SceneDelegate.swift in Sources */,
				D3BD294F22F8D3E2000C7E8B /* TaskAdder.swift in Sources */,
				D3BD294D22F8B17B000C7E8B /* TotalTimeSelector.swift in Sources */,
				D33CD5CD22F8A4AD0051E36D /* ContentView.swift in Sources */,
			);
			runOnlyForDeploymentPostprocessing = 0;
		};
		D33CD5D722F8A4B10051E36D /* Sources */ = {
			isa = PBXSourcesBuildPhase;
			buildActionMask = 2147483647;
			files = (
				D33CD5E022F8A4B10051E36D /* StudyAppTests.swift in Sources */,
			);
			runOnlyForDeploymentPostprocessing = 0;
		};
		D33CD5E222F8A4B10051E36D /* Sources */ = {
			isa = PBXSourcesBuildPhase;
			buildActionMask = 2147483647;
			files = (
				D33CD5EB22F8A4B10051E36D /* StudyAppUITests.swift in Sources */,
			);
			runOnlyForDeploymentPostprocessing = 0;
		};
/* End PBXSourcesBuildPhase section */

/* Begin PBXTargetDependency section */
		D33CD5DD22F8A4B10051E36D /* PBXTargetDependency */ = {
			isa = PBXTargetDependency;
			target = D33CD5C422F8A4AD0051E36D /* StudyApp */;
			targetProxy = D33CD5DC22F8A4B10051E36D /* PBXContainerItemProxy */;
		};
		D33CD5E822F8A4B10051E36D /* PBXTargetDependency */ = {
			isa = PBXTargetDependency;
			target = D33CD5C422F8A4AD0051E36D /* StudyApp */;
			targetProxy = D33CD5E722F8A4B10051E36D /* PBXContainerItemProxy */;
		};
/* End PBXTargetDependency section */

/* Begin PBXVariantGroup section */
		D33CD5D322F8A4B10051E36D /* LaunchScreen.storyboard */ = {
			isa = PBXVariantGroup;
			children = (
				D33CD5D422F8A4B10051E36D /* Base */,
			);
			name = LaunchScreen.storyboard;
			sourceTree = "<group>";
		};
/* End PBXVariantGroup section */

/* Begin XCBuildConfiguration section */
		D33CD5ED22F8A4B10051E36D /* Debug */ = {
			isa = XCBuildConfiguration;
			buildSettings = {
				ALWAYS_SEARCH_USER_PATHS = NO;
				CLANG_ANALYZER_NONNULL = YES;
				CLANG_ANALYZER_NUMBER_OBJECT_CONVERSION = YES_AGGRESSIVE;
				CLANG_CXX_LANGUAGE_STANDARD = "gnu++14";
				CLANG_CXX_LIBRARY = "libc++";
				CLANG_ENABLE_MODULES = YES;
				CLANG_ENABLE_OBJC_ARC = YES;
				CLANG_ENABLE_OBJC_WEAK = YES;
				CLANG_WARN_BLOCK_CAPTURE_AUTORELEASING = YES;
				CLANG_WARN_BOOL_CONVERSION = YES;
				CLANG_WARN_COMMA = YES;
				CLANG_WARN_CONSTANT_CONVERSION = YES;
				CLANG_WARN_DEPRECATED_OBJC_IMPLEMENTATIONS = YES;
				CLANG_WARN_DIRECT_OBJC_ISA_USAGE = YES_ERROR;
				CLANG_WARN_DOCUMENTATION_COMMENTS = YES;
				CLANG_WARN_EMPTY_BODY = YES;
				CLANG_WARN_ENUM_CONVERSION = YES;
				CLANG_WARN_INFINITE_RECURSION = YES;
				CLANG_WARN_INT_CONVERSION = YES;
				CLANG_WARN_NON_LITERAL_NULL_CONVERSION = YES;
				CLANG_WARN_OBJC_IMPLICIT_RETAIN_SELF = YES;
				CLANG_WARN_OBJC_LITERAL_CONVERSION = YES;
				CLANG_WARN_OBJC_ROOT_CLASS = YES_ERROR;
				CLANG_WARN_RANGE_LOOP_ANALYSIS = YES;
				CLANG_WARN_STRICT_PROTOTYPES = YES;
				CLANG_WARN_SUSPICIOUS_MOVE = YES;
				CLANG_WARN_UNGUARDED_AVAILABILITY = YES_AGGRESSIVE;
				CLANG_WARN_UNREACHABLE_CODE = YES;
				CLANG_WARN__DUPLICATE_METHOD_MATCH = YES;
				COPY_PHASE_STRIP = NO;
				DEBUG_INFORMATION_FORMAT = dwarf;
				ENABLE_STRICT_OBJC_MSGSEND = YES;
				ENABLE_TESTABILITY = YES;
				GCC_C_LANGUAGE_STANDARD = gnu11;
				GCC_DYNAMIC_NO_PIC = NO;
				GCC_NO_COMMON_BLOCKS = YES;
				GCC_OPTIMIZATION_LEVEL = 0;
				GCC_PREPROCESSOR_DEFINITIONS = (
					"DEBUG=1",
					"$(inherited)",
				);
				GCC_WARN_64_TO_32_BIT_CONVERSION = YES;
				GCC_WARN_ABOUT_RETURN_TYPE = YES_ERROR;
				GCC_WARN_UNDECLARED_SELECTOR = YES;
				GCC_WARN_UNINITIALIZED_AUTOS = YES_AGGRESSIVE;
				GCC_WARN_UNUSED_FUNCTION = YES;
				GCC_WARN_UNUSED_VARIABLE = YES;
				IPHONEOS_DEPLOYMENT_TARGET = 13.0;
				MTL_ENABLE_DEBUG_INFO = INCLUDE_SOURCE;
				MTL_FAST_MATH = YES;
				ONLY_ACTIVE_ARCH = YES;
				SDKROOT = iphoneos;
				SWIFT_ACTIVE_COMPILATION_CONDITIONS = DEBUG;
				SWIFT_OPTIMIZATION_LEVEL = "-Onone";
			};
			name = Debug;
		};
		D33CD5EE22F8A4B10051E36D /* Release */ = {
			isa = XCBuildConfiguration;
			buildSettings = {
				ALWAYS_SEARCH_USER_PATHS = NO;
				CLANG_ANALYZER_NONNULL = YES;
				CLANG_ANALYZER_NUMBER_OBJECT_CONVERSION = YES_AGGRESSIVE;
				CLANG_CXX_LANGUAGE_STANDARD = "gnu++14";
				CLANG_CXX_LIBRARY = "libc++";
				CLANG_ENABLE_MODULES = YES;
				CLANG_ENABLE_OBJC_ARC = YES;
				CLANG_ENABLE_OBJC_WEAK = YES;
				CLANG_WARN_BLOCK_CAPTURE_AUTORELEASING = YES;
				CLANG_WARN_BOOL_CONVERSION = YES;
				CLANG_WARN_COMMA = YES;
				CLANG_WARN_CONSTANT_CONVERSION = YES;
				CLANG_WARN_DEPRECATED_OBJC_IMPLEMENTATIONS = YES;
				CLANG_WARN_DIRECT_OBJC_ISA_USAGE = YES_ERROR;
				CLANG_WARN_DOCUMENTATION_COMMENTS = YES;
				CLANG_WARN_EMPTY_BODY = YES;
				CLANG_WARN_ENUM_CONVERSION = YES;
				CLANG_WARN_INFINITE_RECURSION = YES;
				CLANG_WARN_INT_CONVERSION = YES;
				CLANG_WARN_NON_LITERAL_NULL_CONVERSION = YES;
				CLANG_WARN_OBJC_IMPLICIT_RETAIN_SELF = YES;
				CLANG_WARN_OBJC_LITERAL_CONVERSION = YES;
				CLANG_WARN_OBJC_ROOT_CLASS = YES_ERROR;
				CLANG_WARN_RANGE_LOOP_ANALYSIS = YES;
				CLANG_WARN_STRICT_PROTOTYPES = YES;
				CLANG_WARN_SUSPICIOUS_MOVE = YES;
				CLANG_WARN_UNGUARDED_AVAILABILITY = YES_AGGRESSIVE;
				CLANG_WARN_UNREACHABLE_CODE = YES;
				CLANG_WARN__DUPLICATE_METHOD_MATCH = YES;
				COPY_PHASE_STRIP = NO;
				DEBUG_INFORMATION_FORMAT = "dwarf-with-dsym";
				ENABLE_NS_ASSERTIONS = NO;
				ENABLE_STRICT_OBJC_MSGSEND = YES;
				GCC_C_LANGUAGE_STANDARD = gnu11;
				GCC_NO_COMMON_BLOCKS = YES;
				GCC_WARN_64_TO_32_BIT_CONVERSION = YES;
				GCC_WARN_ABOUT_RETURN_TYPE = YES_ERROR;
				GCC_WARN_UNDECLARED_SELECTOR = YES;
				GCC_WARN_UNINITIALIZED_AUTOS = YES_AGGRESSIVE;
				GCC_WARN_UNUSED_FUNCTION = YES;
				GCC_WARN_UNUSED_VARIABLE = YES;
				IPHONEOS_DEPLOYMENT_TARGET = 13.0;
				MTL_ENABLE_DEBUG_INFO = NO;
				MTL_FAST_MATH = YES;
				SDKROOT = iphoneos;
				SWIFT_COMPILATION_MODE = wholemodule;
				SWIFT_OPTIMIZATION_LEVEL = "-O";
				VALIDATE_PRODUCT = YES;
			};
			name = Release;
		};
		D33CD5F022F8A4B10051E36D /* Debug */ = {
			isa = XCBuildConfiguration;
			buildSettings = {
				ASSETCATALOG_COMPILER_APPICON_NAME = AppIcon;
				CODE_SIGN_STYLE = Automatic;
				DEVELOPMENT_ASSET_PATHS = "StudyApp/Preview\\ Content";
				ENABLE_PREVIEWS = YES;
				INFOPLIST_FILE = StudyApp/Info.plist;
				LD_RUNPATH_SEARCH_PATHS = (
					"$(inherited)",
					"@executable_path/Frameworks",
				);
				PRODUCT_BUNDLE_IDENTIFIER = test.StudyApp;
				PRODUCT_NAME = "$(TARGET_NAME)";
				SWIFT_VERSION = 5.0;
				TARGETED_DEVICE_FAMILY = "1,2";
			};
			name = Debug;
		};
		D33CD5F122F8A4B10051E36D /* Release */ = {
			isa = XCBuildConfiguration;
			buildSettings = {
				ASSETCATALOG_COMPILER_APPICON_NAME = AppIcon;
				CODE_SIGN_STYLE = Automatic;
				DEVELOPMENT_ASSET_PATHS = "StudyApp/Preview\\ Content";
				ENABLE_PREVIEWS = YES;
				INFOPLIST_FILE = StudyApp/Info.plist;
				LD_RUNPATH_SEARCH_PATHS = (
					"$(inherited)",
					"@executable_path/Frameworks",
				);
				PRODUCT_BUNDLE_IDENTIFIER = test.StudyApp;
				PRODUCT_NAME = "$(TARGET_NAME)";
				SWIFT_VERSION = 5.0;
				TARGETED_DEVICE_FAMILY = "1,2";
			};
			name = Release;
		};
		D33CD5F322F8A4B10051E36D /* Debug */ = {
			isa = XCBuildConfiguration;
			buildSettings = {
				ALWAYS_EMBED_SWIFT_STANDARD_LIBRARIES = YES;
				BUNDLE_LOADER = "$(TEST_HOST)";
				CODE_SIGN_STYLE = Automatic;
				INFOPLIST_FILE = StudyAppTests/Info.plist;
				LD_RUNPATH_SEARCH_PATHS = (
					"$(inherited)",
					"@executable_path/Frameworks",
					"@loader_path/Frameworks",
				);
				PRODUCT_BUNDLE_IDENTIFIER = test.StudyAppTests;
				PRODUCT_NAME = "$(TARGET_NAME)";
				SWIFT_VERSION = 5.0;
				TARGETED_DEVICE_FAMILY = "1,2";
				TEST_HOST = "$(BUILT_PRODUCTS_DIR)/StudyApp.app/StudyApp";
			};
			name = Debug;
		};
		D33CD5F422F8A4B10051E36D /* Release */ = {
			isa = XCBuildConfiguration;
			buildSettings = {
				ALWAYS_EMBED_SWIFT_STANDARD_LIBRARIES = YES;
				BUNDLE_LOADER = "$(TEST_HOST)";
				CODE_SIGN_STYLE = Automatic;
				INFOPLIST_FILE = StudyAppTests/Info.plist;
				LD_RUNPATH_SEARCH_PATHS = (
					"$(inherited)",
					"@executable_path/Frameworks",
					"@loader_path/Frameworks",
				);
				PRODUCT_BUNDLE_IDENTIFIER = test.StudyAppTests;
				PRODUCT_NAME = "$(TARGET_NAME)";
				SWIFT_VERSION = 5.0;
				TARGETED_DEVICE_FAMILY = "1,2";
				TEST_HOST = "$(BUILT_PRODUCTS_DIR)/StudyApp.app/StudyApp";
			};
			name = Release;
		};
		D33CD5F622F8A4B10051E36D /* Debug */ = {
			isa = XCBuildConfiguration;
			buildSettings = {
				ALWAYS_EMBED_SWIFT_STANDARD_LIBRARIES = YES;
				CODE_SIGN_STYLE = Automatic;
				INFOPLIST_FILE = StudyAppUITests/Info.plist;
				LD_RUNPATH_SEARCH_PATHS = (
					"$(inherited)",
					"@executable_path/Frameworks",
					"@loader_path/Frameworks",
				);
				PRODUCT_BUNDLE_IDENTIFIER = test.StudyAppUITests;
				PRODUCT_NAME = "$(TARGET_NAME)";
				SWIFT_VERSION = 5.0;
				TARGETED_DEVICE_FAMILY = "1,2";
				TEST_TARGET_NAME = StudyApp;
			};
			name = Debug;
		};
		D33CD5F722F8A4B10051E36D /* Release */ = {
			isa = XCBuildConfiguration;
			buildSettings = {
				ALWAYS_EMBED_SWIFT_STANDARD_LIBRARIES = YES;
				CODE_SIGN_STYLE = Automatic;
				INFOPLIST_FILE = StudyAppUITests/Info.plist;
				LD_RUNPATH_SEARCH_PATHS = (
					"$(inherited)",
					"@executable_path/Frameworks",
					"@loader_path/Frameworks",
				);
				PRODUCT_BUNDLE_IDENTIFIER = test.StudyAppUITests;
				PRODUCT_NAME = "$(TARGET_NAME)";
				SWIFT_VERSION = 5.0;
				TARGETED_DEVICE_FAMILY = "1,2";
				TEST_TARGET_NAME = StudyApp;
			};
			name = Release;
		};
/* End XCBuildConfiguration section */

/* Begin XCConfigurationList section */
		D33CD5C022F8A4AD0051E36D /* Build configuration list for PBXProject "StudyApp" */ = {
			isa = XCConfigurationList;
			buildConfigurations = (
				D33CD5ED22F8A4B10051E36D /* Debug */,
				D33CD5EE22F8A4B10051E36D /* Release */,
			);
			defaultConfigurationIsVisible = 0;
			defaultConfigurationName = Release;
		};
		D33CD5EF22F8A4B10051E36D /* Build configuration list for PBXNativeTarget "StudyApp" */ = {
			isa = XCConfigurationList;
			buildConfigurations = (
				D33CD5F022F8A4B10051E36D /* Debug */,
				D33CD5F122F8A4B10051E36D /* Release */,
			);
			defaultConfigurationIsVisible = 0;
			defaultConfigurationName = Release;
		};
		D33CD5F222F8A4B10051E36D /* Build configuration list for PBXNativeTarget "StudyAppTests" */ = {
			isa = XCConfigurationList;
			buildConfigurations = (
				D33CD5F322F8A4B10051E36D /* Debug */,
				D33CD5F422F8A4B10051E36D /* Release */,
			);
			defaultConfigurationIsVisible = 0;
			defaultConfigurationName = Release;
		};
		D33CD5F522F8A4B10051E36D /* Build configuration list for PBXNativeTarget "StudyAppUITests" */ = {
			isa = XCConfigurationList;
			buildConfigurations = (
				D33CD5F622F8A4B10051E36D /* Debug */,
				D33CD5F722F8A4B10051E36D /* Release */,
			);
			defaultConfigurationIsVisible = 0;
			defaultConfigurationName = Release;
		};
/* End XCConfigurationList section */
	};
	rootObject = D33CD5BD22F8A4AD0051E36D /* Project object */;
}
